// !$*UTF8*$!
{
	archiveVersion = 1;
	classes = {
	};
	objectVersion = 56;
	objects = {

/* Begin PBXBuildFile section */
		021B57A92C062E700042E4FA /* APIKeys.plist in Resources */ = {isa = PBXBuildFile; fileRef = 021B57A82C062E700042E4FA /* APIKeys.plist */; };
		0220EF202C007456002DEC1F /* myuic_trinityApp.swift in Sources */ = {isa = PBXBuildFile; fileRef = 0220EF1F2C007456002DEC1F /* myuic_trinityApp.swift */; };
		0220EF222C007456002DEC1F /* ContentView.swift in Sources */ = {isa = PBXBuildFile; fileRef = 0220EF212C007456002DEC1F /* ContentView.swift */; };
		0220EF242C007458002DEC1F /* Assets.xcassets in Resources */ = {isa = PBXBuildFile; fileRef = 0220EF232C007458002DEC1F /* Assets.xcassets */; };
		0220EF272C007458002DEC1F /* Preview Assets.xcassets in Resources */ = {isa = PBXBuildFile; fileRef = 0220EF262C007458002DEC1F /* Preview Assets.xcassets */; };
		024B49652C05CD080048EAF3 /* loadingView.swift in Sources */ = {isa = PBXBuildFile; fileRef = 024B49642C05CD080048EAF3 /* loadingView.swift */; };
		024B49682C05DD150048EAF3 /* homeView.swift in Sources */ = {isa = PBXBuildFile; fileRef = 024B49672C05DD150048EAF3 /* homeView.swift */; };
		024B496B2C05E8090048EAF3 /* loginView.swift in Sources */ = {isa = PBXBuildFile; fileRef = 024B496A2C05E8090048EAF3 /* loginView.swift */; };
		024B496E2C060DDE0048EAF3 /* acclistView.swift in Sources */ = {isa = PBXBuildFile; fileRef = 024B496D2C060DDE0048EAF3 /* acclistView.swift */; };
		029A13E52C00794500DFCCC5 /* tabBar.swift in Sources */ = {isa = PBXBuildFile; fileRef = 029A13E42C00794500DFCCC5 /* tabBar.swift */; };
/* End PBXBuildFile section */

/* Begin PBXFileReference section */
		021B57A82C062E700042E4FA /* APIKeys.plist */ = {isa = PBXFileReference; lastKnownFileType = text.plist.xml; path = APIKeys.plist; sourceTree = "<group>"; };
		0220EF1C2C007456002DEC1F /* myuic-trinity.app */ = {isa = PBXFileReference; explicitFileType = wrapper.application; includeInIndex = 0; path = "myuic-trinity.app"; sourceTree = BUILT_PRODUCTS_DIR; };
		0220EF1F2C007456002DEC1F /* myuic_trinityApp.swift */ = {isa = PBXFileReference; lastKnownFileType = sourcecode.swift; path = myuic_trinityApp.swift; sourceTree = "<group>"; };
		0220EF212C007456002DEC1F /* ContentView.swift */ = {isa = PBXFileReference; lastKnownFileType = sourcecode.swift; path = ContentView.swift; sourceTree = "<group>"; };
		0220EF232C007458002DEC1F /* Assets.xcassets */ = {isa = PBXFileReference; lastKnownFileType = folder.assetcatalog; path = Assets.xcassets; sourceTree = "<group>"; };
		0220EF262C007458002DEC1F /* Preview Assets.xcassets */ = {isa = PBXFileReference; lastKnownFileType = folder.assetcatalog; path = "Preview Assets.xcassets"; sourceTree = "<group>"; };
		024B49642C05CD080048EAF3 /* loadingView.swift */ = {isa = PBXFileReference; lastKnownFileType = sourcecode.swift; path = loadingView.swift; sourceTree = "<group>"; };
		024B49672C05DD150048EAF3 /* homeView.swift */ = {isa = PBXFileReference; lastKnownFileType = sourcecode.swift; path = homeView.swift; sourceTree = "<group>"; };
		024B496A2C05E8090048EAF3 /* loginView.swift */ = {isa = PBXFileReference; lastKnownFileType = sourcecode.swift; path = loginView.swift; sourceTree = "<group>"; };
		024B496D2C060DDE0048EAF3 /* acclistView.swift */ = {isa = PBXFileReference; lastKnownFileType = sourcecode.swift; path = acclistView.swift; sourceTree = "<group>"; };
		029A13E42C00794500DFCCC5 /* tabBar.swift */ = {isa = PBXFileReference; lastKnownFileType = sourcecode.swift; path = tabBar.swift; sourceTree = "<group>"; };
/* End PBXFileReference section */

/* Begin PBXFrameworksBuildPhase section */
		0220EF192C007456002DEC1F /* Frameworks */ = {
			isa = PBXFrameworksBuildPhase;
			buildActionMask = 2147483647;
			files = (
			);
			runOnlyForDeploymentPostprocessing = 0;
		};
/* End PBXFrameworksBuildPhase section */

/* Begin PBXGroup section */
		0220EF132C007456002DEC1F = {
			isa = PBXGroup;
			children = (
				0220EF1E2C007456002DEC1F /* myuic-trinity */,
				0220EF1D2C007456002DEC1F /* Products */,
			);
			sourceTree = "<group>";
		};
		0220EF1D2C007456002DEC1F /* Products */ = {
			isa = PBXGroup;
			children = (
				0220EF1C2C007456002DEC1F /* myuic-trinity.app */,
			);
			name = Products;
			sourceTree = "<group>";
		};
		0220EF1E2C007456002DEC1F /* myuic-trinity */ = {
			isa = PBXGroup;
			children = (
				021B57A82C062E700042E4FA /* APIKeys.plist */,
				0220EF1F2C007456002DEC1F /* myuic_trinityApp.swift */,
				0220EF212C007456002DEC1F /* ContentView.swift */,
				029A13E62C00794B00DFCCC5 /* Views */,
				0220EF232C007458002DEC1F /* Assets.xcassets */,
				0220EF252C007458002DEC1F /* Preview Content */,
			);
			path = "myuic-trinity";
			sourceTree = "<group>";
		};
		0220EF252C007458002DEC1F /* Preview Content */ = {
			isa = PBXGroup;
			children = (
				0220EF262C007458002DEC1F /* Preview Assets.xcassets */,
			);
			path = "Preview Content";
			sourceTree = "<group>";
		};
		024B49632C05C3FF0048EAF3 /* tabBar */ = {
			isa = PBXGroup;
			children = (
				029A13E42C00794500DFCCC5 /* tabBar.swift */,
			);
			path = tabBar;
			sourceTree = "<group>";
		};
		024B49662C05DD080048EAF3 /* TabViews */ = {
			isa = PBXGroup;
			children = (
				024B49672C05DD150048EAF3 /* homeView.swift */,
			);
			path = TabViews;
			sourceTree = "<group>";
		};
		024B49692C05E7FF0048EAF3 /* Login */ = {
			isa = PBXGroup;
			children = (
				024B496A2C05E8090048EAF3 /* loginView.swift */,
				024B496D2C060DDE0048EAF3 /* acclistView.swift */,
			);
			path = Login;
			sourceTree = "<group>";
		};
		024B496C2C05E8180048EAF3 /* Splash Loading */ = {
			isa = PBXGroup;
			children = (
				024B49642C05CD080048EAF3 /* loadingView.swift */,
			);
			path = "Splash Loading";
			sourceTree = "<group>";
		};
		029A13E62C00794B00DFCCC5 /* Views */ = {
			isa = PBXGroup;
			children = (
				024B49692C05E7FF0048EAF3 /* Login */,
				024B49662C05DD080048EAF3 /* TabViews */,
				024B496C2C05E8180048EAF3 /* Splash Loading */,
				024B49632C05C3FF0048EAF3 /* tabBar */,
			);
			path = Views;
			sourceTree = "<group>";
		};
/* End PBXGroup section */

/* Begin PBXNativeTarget section */
		0220EF1B2C007456002DEC1F /* myuic-trinity */ = {
			isa = PBXNativeTarget;
			buildConfigurationList = 0220EF2A2C007458002DEC1F /* Build configuration list for PBXNativeTarget "myuic-trinity" */;
			buildPhases = (
				0220EF182C007456002DEC1F /* Sources */,
				0220EF192C007456002DEC1F /* Frameworks */,
				0220EF1A2C007456002DEC1F /* Resources */,
			);
			buildRules = (
			);
			dependencies = (
			);
			name = "myuic-trinity";
			productName = "myuic-trinity";
			productReference = 0220EF1C2C007456002DEC1F /* myuic-trinity.app */;
			productType = "com.apple.product-type.application";
		};
/* End PBXNativeTarget section */

/* Begin PBXProject section */
		0220EF142C007456002DEC1F /* Project object */ = {
			isa = PBXProject;
			attributes = {
				BuildIndependentTargetsInParallel = 1;
				LastSwiftUpdateCheck = 1540;
				LastUpgradeCheck = 1540;
				TargetAttributes = {
					0220EF1B2C007456002DEC1F = {
						CreatedOnToolsVersion = 15.4;
					};
				};
			};
			buildConfigurationList = 0220EF172C007456002DEC1F /* Build configuration list for PBXProject "myuic-trinity" */;
			compatibilityVersion = "Xcode 14.0";
			developmentRegion = en;
			hasScannedForEncodings = 0;
			knownRegions = (
				en,
				Base,
			);
			mainGroup = 0220EF132C007456002DEC1F;
			productRefGroup = 0220EF1D2C007456002DEC1F /* Products */;
			projectDirPath = "";
			projectRoot = "";
			targets = (
				0220EF1B2C007456002DEC1F /* myuic-trinity */,
			);
		};
/* End PBXProject section */

/* Begin PBXResourcesBuildPhase section */
		0220EF1A2C007456002DEC1F /* Resources */ = {
			isa = PBXResourcesBuildPhase;
			buildActionMask = 2147483647;
			files = (
				0220EF272C007458002DEC1F /* Preview Assets.xcassets in Resources */,
				021B57A92C062E700042E4FA /* APIKeys.plist in Resources */,
				0220EF242C007458002DEC1F /* Assets.xcassets in Resources */,
			);
			runOnlyForDeploymentPostprocessing = 0;
		};
/* End PBXResourcesBuildPhase section */

/* Begin PBXSourcesBuildPhase section */
		0220EF182C007456002DEC1F /* Sources */ = {
			isa = PBXSourcesBuildPhase;
			buildActionMask = 2147483647;
			files = (
				024B496E2C060DDE0048EAF3 /* acclistView.swift in Sources */,
				029A13E52C00794500DFCCC5 /* tabBar.swift in Sources */,
				024B49652C05CD080048EAF3 /* loadingView.swift in Sources */,
				0220EF222C007456002DEC1F /* ContentView.swift in Sources */,
				024B49682C05DD150048EAF3 /* homeView.swift in Sources */,
				024B496B2C05E8090048EAF3 /* loginView.swift in Sources */,
				0220EF202C007456002DEC1F /* myuic_trinityApp.swift in Sources */,
			);
			runOnlyForDeploymentPostprocessing = 0;
		};
/* End PBXSourcesBuildPhase section */

/* Begin XCBuildConfiguration section */
		0220EF282C007458002DEC1F /* Debug */ = {
			isa = XCBuildConfiguration;
			buildSettings = {
				ALWAYS_SEARCH_USER_PATHS = NO;
				ASSETCATALOG_COMPILER_GENERATE_SWIFT_ASSET_SYMBOL_EXTENSIONS = YES;
				CLANG_ANALYZER_NONNULL = YES;
				CLANG_ANALYZER_NUMBER_OBJECT_CONVERSION = YES_AGGRESSIVE;
				CLANG_CXX_LANGUAGE_STANDARD = "gnu++20";
				CLANG_ENABLE_MODULES = YES;
				CLANG_ENABLE_OBJC_ARC = YES;
				CLANG_ENABLE_OBJC_WEAK = YES;
				CLANG_WARN_BLOCK_CAPTURE_AUTORELEASING = YES;
				CLANG_WARN_BOOL_CONVERSION = YES;
				CLANG_WARN_COMMA = YES;
				CLANG_WARN_CONSTANT_CONVERSION = YES;
				CLANG_WARN_DEPRECATED_OBJC_IMPLEMENTATIONS = YES;
				CLANG_WARN_DIRECT_OBJC_ISA_USAGE = YES_ERROR;
				CLANG_WARN_DOCUMENTATION_COMMENTS = YES;
				CLANG_WARN_EMPTY_BODY = YES;
				CLANG_WARN_ENUM_CONVERSION = YES;
				CLANG_WARN_INFINITE_RECURSION = YES;
				CLANG_WARN_INT_CONVERSION = YES;
				CLANG_WARN_NON_LITERAL_NULL_CONVERSION = YES;
				CLANG_WARN_OBJC_IMPLICIT_RETAIN_SELF = YES;
				CLANG_WARN_OBJC_LITERAL_CONVERSION = YES;
				CLANG_WARN_OBJC_ROOT_CLASS = YES_ERROR;
				CLANG_WARN_QUOTED_INCLUDE_IN_FRAMEWORK_HEADER = YES;
				CLANG_WARN_RANGE_LOOP_ANALYSIS = YES;
				CLANG_WARN_STRICT_PROTOTYPES = YES;
				CLANG_WARN_SUSPICIOUS_MOVE = YES;
				CLANG_WARN_UNGUARDED_AVAILABILITY = YES_AGGRESSIVE;
				CLANG_WARN_UNREACHABLE_CODE = YES;
				CLANG_WARN__DUPLICATE_METHOD_MATCH = YES;
				COPY_PHASE_STRIP = NO;
				DEBUG_INFORMATION_FORMAT = dwarf;
				ENABLE_STRICT_OBJC_MSGSEND = YES;
				ENABLE_TESTABILITY = YES;
				ENABLE_USER_SCRIPT_SANDBOXING = YES;
				GCC_C_LANGUAGE_STANDARD = gnu17;
				GCC_DYNAMIC_NO_PIC = NO;
				GCC_NO_COMMON_BLOCKS = YES;
				GCC_OPTIMIZATION_LEVEL = 0;
				GCC_PREPROCESSOR_DEFINITIONS = (
					"DEBUG=1",
					"$(inherited)",
				);
				GCC_WARN_64_TO_32_BIT_CONVERSION = YES;
				GCC_WARN_ABOUT_RETURN_TYPE = YES_ERROR;
				GCC_WARN_UNDECLARED_SELECTOR = YES;
				GCC_WARN_UNINITIALIZED_AUTOS = YES_AGGRESSIVE;
				GCC_WARN_UNUSED_FUNCTION = YES;
				GCC_WARN_UNUSED_VARIABLE = YES;
				IPHONEOS_DEPLOYMENT_TARGET = 16.0;
				LOCALIZATION_PREFERS_STRING_CATALOGS = YES;
				MTL_ENABLE_DEBUG_INFO = INCLUDE_SOURCE;
				MTL_FAST_MATH = YES;
				ONLY_ACTIVE_ARCH = YES;
				SDKROOT = iphoneos;
				SWIFT_ACTIVE_COMPILATION_CONDITIONS = "DEBUG $(inherited)";
				SWIFT_OPTIMIZATION_LEVEL = "-Onone";
			};
			name = Debug;
		};
		0220EF292C007458002DEC1F /* Release */ = {
			isa = XCBuildConfiguration;
			buildSettings = {
				ALWAYS_SEARCH_USER_PATHS = NO;
				ASSETCATALOG_COMPILER_GENERATE_SWIFT_ASSET_SYMBOL_EXTENSIONS = YES;
				CLANG_ANALYZER_NONNULL = YES;
				CLANG_ANALYZER_NUMBER_OBJECT_CONVERSION = YES_AGGRESSIVE;
				CLANG_CXX_LANGUAGE_STANDARD = "gnu++20";
				CLANG_ENABLE_MODULES = YES;
				CLANG_ENABLE_OBJC_ARC = YES;
				CLANG_ENABLE_OBJC_WEAK = YES;
				CLANG_WARN_BLOCK_CAPTURE_AUTORELEASING = YES;
				CLANG_WARN_BOOL_CONVERSION = YES;
				CLANG_WARN_COMMA = YES;
				CLANG_WARN_CONSTANT_CONVERSION = YES;
				CLANG_WARN_DEPRECATED_OBJC_IMPLEMENTATIONS = YES;
				CLANG_WARN_DIRECT_OBJC_ISA_USAGE = YES_ERROR;
				CLANG_WARN_DOCUMENTATION_COMMENTS = YES;
				CLANG_WARN_EMPTY_BODY = YES;
				CLANG_WARN_ENUM_CONVERSION = YES;
				CLANG_WARN_INFINITE_RECURSION = YES;
				CLANG_WARN_INT_CONVERSION = YES;
				CLANG_WARN_NON_LITERAL_NULL_CONVERSION = YES;
				CLANG_WARN_OBJC_IMPLICIT_RETAIN_SELF = YES;
				CLANG_WARN_OBJC_LITERAL_CONVERSION = YES;
				CLANG_WARN_OBJC_ROOT_CLASS = YES_ERROR;
				CLANG_WARN_QUOTED_INCLUDE_IN_FRAMEWORK_HEADER = YES;
				CLANG_WARN_RANGE_LOOP_ANALYSIS = YES;
				CLANG_WARN_STRICT_PROTOTYPES = YES;
				CLANG_WARN_SUSPICIOUS_MOVE = YES;
				CLANG_WARN_UNGUARDED_AVAILABILITY = YES_AGGRESSIVE;
				CLANG_WARN_UNREACHABLE_CODE = YES;
				CLANG_WARN__DUPLICATE_METHOD_MATCH = YES;
				COPY_PHASE_STRIP = NO;
				DEBUG_INFORMATION_FORMAT = "dwarf-with-dsym";
				ENABLE_NS_ASSERTIONS = NO;
				ENABLE_STRICT_OBJC_MSGSEND = YES;
				ENABLE_USER_SCRIPT_SANDBOXING = YES;
				GCC_C_LANGUAGE_STANDARD = gnu17;
				GCC_NO_COMMON_BLOCKS = YES;
				GCC_WARN_64_TO_32_BIT_CONVERSION = YES;
				GCC_WARN_ABOUT_RETURN_TYPE = YES_ERROR;
				GCC_WARN_UNDECLARED_SELECTOR = YES;
				GCC_WARN_UNINITIALIZED_AUTOS = YES_AGGRESSIVE;
				GCC_WARN_UNUSED_FUNCTION = YES;
				GCC_WARN_UNUSED_VARIABLE = YES;
				IPHONEOS_DEPLOYMENT_TARGET = 16.0;
				LOCALIZATION_PREFERS_STRING_CATALOGS = YES;
				MTL_ENABLE_DEBUG_INFO = NO;
				MTL_FAST_MATH = YES;
				SDKROOT = iphoneos;
				SWIFT_COMPILATION_MODE = wholemodule;
				VALIDATE_PRODUCT = YES;
			};
			name = Release;
		};
		0220EF2B2C007458002DEC1F /* Debug */ = {
			isa = XCBuildConfiguration;
			buildSettings = {
				ASSETCATALOG_COMPILER_APPICON_NAME = AppIcon;
				ASSETCATALOG_COMPILER_GLOBAL_ACCENT_COLOR_NAME = AccentColor;
				ASSETCATALOG_COMPILER_INCLUDE_ALL_APPICON_ASSETS = NO;
				CODE_SIGN_STYLE = Automatic;
				CURRENT_PROJECT_VERSION = 1;
				DEVELOPMENT_ASSET_PATHS = "\"myuic-trinity/Preview Content\"";
				DEVELOPMENT_TEAM = A2JKADPAG3;
				ENABLE_PREVIEWS = YES;
				GENERATE_INFOPLIST_FILE = YES;
				INFOPLIST_FILE = "myuic-trinity/Info.plist";
				INFOPLIST_KEY_CFBundleDisplayName = "MyUIC Trinity";
				INFOPLIST_KEY_UIApplicationSceneManifest_Generation = YES;
				INFOPLIST_KEY_UIApplicationSupportsIndirectInputEvents = YES;
				INFOPLIST_KEY_UILaunchScreen_Generation = YES;
				INFOPLIST_KEY_UILaunchStoryboardName = "";
				INFOPLIST_KEY_UISupportedInterfaceOrientations = UIInterfaceOrientationPortrait;
				INFOPLIST_KEY_UISupportedInterfaceOrientations_iPad = "UIInterfaceOrientationLandscapeLeft UIInterfaceOrientationLandscapeRight UIInterfaceOrientationPortrait UIInterfaceOrientationPortraitUpsideDown";
				IPHONEOS_DEPLOYMENT_TARGET = 16.0;
				LD_RUNPATH_SEARCH_PATHS = (
					"$(inherited)",
					"@executable_path/Frameworks",
				);
				MARKETING_VERSION = 1.0;
				PRODUCT_BUNDLE_IDENTIFIER = "aaalgieee.myuic-trinity";
				PRODUCT_NAME = "$(TARGET_NAME)";
				SWIFT_EMIT_LOC_STRINGS = YES;
				SWIFT_VERSION = 5.0;
				TARGETED_DEVICE_FAMILY = 1;
			};
			name = Debug;
		};
		0220EF2C2C007458002DEC1F /* Release */ = {
			isa = XCBuildConfiguration;
			buildSettings = {
				ASSETCATALOG_COMPILER_APPICON_NAME = AppIcon;
				ASSETCATALOG_COMPILER_GLOBAL_ACCENT_COLOR_NAME = AccentColor;
				ASSETCATALOG_COMPILER_INCLUDE_ALL_APPICON_ASSETS = NO;
				CODE_SIGN_STYLE = Automatic;
				CURRENT_PROJECT_VERSION = 1;
				DEVELOPMENT_ASSET_PATHS = "\"myuic-trinity/Preview Content\"";
				DEVELOPMENT_TEAM = A2JKADPAG3;
				ENABLE_PREVIEWS = YES;
				GENERATE_INFOPLIST_FILE = YES;
				INFOPLIST_FILE = "myuic-trinity/Info.plist";
				INFOPLIST_KEY_CFBundleDisplayName = "MyUIC Trinity";
				INFOPLIST_KEY_UIApplicationSceneManifest_Generation = YES;
				INFOPLIST_KEY_UIApplicationSupportsIndirectInputEvents = YES;
				INFOPLIST_KEY_UILaunchScreen_Generation = YES;
				INFOPLIST_KEY_UILaunchStoryboardName = "";
				INFOPLIST_KEY_UISupportedInterfaceOrientations = UIInterfaceOrientationPortrait;
				INFOPLIST_KEY_UISupportedInterfaceOrientations_iPad = "UIInterfaceOrientationLandscapeLeft UIInterfaceOrientationLandscapeRight UIInterfaceOrientationPortrait UIInterfaceOrientationPortraitUpsideDown";
				IPHONEOS_DEPLOYMENT_TARGET = 16.0;
				LD_RUNPATH_SEARCH_PATHS = (
					"$(inherited)",
					"@executable_path/Frameworks",
				);
				MARKETING_VERSION = 1.0;
				PRODUCT_BUNDLE_IDENTIFIER = "aaalgieee.myuic-trinity";
				PRODUCT_NAME = "$(TARGET_NAME)";
				SWIFT_EMIT_LOC_STRINGS = YES;
				SWIFT_VERSION = 5.0;
				TARGETED_DEVICE_FAMILY = 1;
			};
			name = Release;
		};
/* End XCBuildConfiguration section */

/* Begin XCConfigurationList section */
		0220EF172C007456002DEC1F /* Build configuration list for PBXProject "myuic-trinity" */ = {
			isa = XCConfigurationList;
			buildConfigurations = (
				0220EF282C007458002DEC1F /* Debug */,
				0220EF292C007458002DEC1F /* Release */,
			);
			defaultConfigurationIsVisible = 0;
			defaultConfigurationName = Release;
		};
		0220EF2A2C007458002DEC1F /* Build configuration list for PBXNativeTarget "myuic-trinity" */ = {
			isa = XCConfigurationList;
			buildConfigurations = (
				0220EF2B2C007458002DEC1F /* Debug */,
				0220EF2C2C007458002DEC1F /* Release */,
			);
			defaultConfigurationIsVisible = 0;
			defaultConfigurationName = Release;
		};
/* End XCConfigurationList section */
	};
	rootObject = 0220EF142C007456002DEC1F /* Project object */;
}
